dependencies:
  esp32p4_board:
    dependencies:
    - name: espressif/esp_lvgl_port
      public: true
      version: ^2
    - name: idf
      version: '>=5.3'
    - name: lvgl/lvgl
      version: '>=8,<9'
    - name: esp_amoled_rm69a10
      path: ../esp_amoled_rm69a10
      version: '*'
    - name: esp_lcd_touch_gt9895
      path: ../esp_lcd_touch_gt9895
      version: '*'
    source:
      path: D:\dgx\code\0_lilygo\T-Halow-P4-V0.2\common_components\esp32p4_board
      type: local
    targets:
    - esp32p4
    version: 1.0.0
  esp_amoled_rm69a10:
    dependencies: []
    source:
      path: D:\dgx\code\0_lilygo\T-Halow-P4-V0.2\common_components\esp_amoled_rm69a10
      type: local
    version: '*'
  esp_lcd_touch_gt9895:
    dependencies:
    - name: espressif/esp_lcd_touch
      public: true
      version: ^1.1.0
    - name: idf
      version: '>=4.4.2'
    source:
      path: D:\dgx\code\0_lilygo\T-Halow-P4-V0.2\common_components\esp_lcd_touch_gt9895
      type: local
    version: 1.1.1
  espressif/esp_lcd_touch:
    component_hash: cf4741f4903bdfe83c0a6606cb33314957e78605398954154f247e03acfd306b
    dependencies:
    - name: idf
      require: private
      version: '>=4.4.2'
    source:
      registry_url: https://components.espressif.com/
      type: service
    version: 1.2.0
  espressif/esp_lvgl_port:
    component_hash: f872401524cb645ee6ff1c9242d44fb4ddcfd4d37d7be8b9ed3f4e85a404efcd
    dependencies:
    - name: idf
      require: private
      version: '>=5.1'
    - name: lvgl/lvgl
      registry_url: https://components.espressif.com
      require: public
      version: '>=8,<10'
    source:
      registry_url: https://components.espressif.com/
      type: service
    version: 2.7.0
  idf:
    source:
      type: idf
    version: 5.4.0
  lvgl/lvgl:
    component_hash: d7c1ac037ae6e85d94897f807d6e7ba0946a83e720074fc95a4f6241da9f9f53
    dependencies: []
    source:
      registry_url: https://components.espressif.com/
      type: service
    version: 8.4.0
direct_dependencies:
- esp32p4_board
- esp_amoled_rm69a10
- esp_lcd_touch_gt9895
- espressif/esp_lvgl_port
- idf
- lvgl/lvgl
manifest_hash: d2e8f3745ba8ca92a91d49e0e5adcd8d83a0f090ea24eca837ac3f96b5f7b1e3
target: esp32p4
version: 2.0.0
