dependencies:
  idf:
    source:
      type: idf
    version: 5.4.1
  lvgl/lvgl:
    component_hash: 2409fdc84e9766d2a18afd84b051aef3f838348136cdb1c10ac2e8bcdb012bf6
    dependencies: []
    source:
      registry_url: https://components.espressif.com/
      type: service
    version: 9.2.0
direct_dependencies:
- idf
- lvgl/lvgl
manifest_hash: 0aa26eb3c12d83874ebd0c8e5688c101eace59e3716f997d16abf7a2b16cd9a1
target: esp32p4
version: 2.0.0
