dependencies:
  esp_amoled_rm69a10:
    dependencies: []
    source:
      path: D:\dgx\code\0_lilygo\T-Halow-P4-V0.2\examples\display_esp_ui\components\esp_amoled_rm69a10
      type: local
    version: '*'
  esp_lcd_touch_gt9895:
    dependencies: []
    source:
      path: D:\dgx\code\0_lilygo\T-Halow-P4-V0.2\examples\display_esp_ui\components\esp_lcd_touch_gt9895
      type: local
    version: 1.1.1
  espressif/cmake_utilities:
    component_hash: 351350613ceafba240b761b4ea991e0f231ac7a9f59a9ee901f751bddc0bb18f
    dependencies:
    - name: idf
      require: private
      version: '>=4.1'
    source:
      registry_url: https://components.espressif.com/
      type: service
    version: 0.5.3
  espressif/esp-ui:
    component_hash: a373a43c74a655849c91acade449f430604dd8550314d9e6748b8ed9b14573c0
    dependencies:
    - name: idf
      require: private
      version: '>=5.0'
    - name: espressif/cmake_utilities
      registry_url: https://components.espressif.com
      require: private
      version: 0.*
    - name: lvgl/lvgl
      registry_url: https://components.espressif.com
      require: public
      version: '>=8.3,<9'
    source:
      registry_url: https://components.espressif.com/
      type: service
    version: 0.2.1
  espressif/esp_lcd_touch:
    component_hash: 3f85a7d95af876f1a6ecca8eb90a81614890d0f03a038390804e5a77e2caf862
    dependencies:
    - name: idf
      require: private
      version: '>=4.4.2'
    source:
      registry_url: https://components.espressif.com/
      type: service
    version: 1.2.1
  espressif/esp_lvgl_port:
    component_hash: f872401524cb645ee6ff1c9242d44fb4ddcfd4d37d7be8b9ed3f4e85a404efcd
    dependencies:
    - name: idf
      require: private
      version: '>=5.1'
    - name: lvgl/lvgl
      registry_url: https://components.espressif.com
      require: public
      version: '>=8,<10'
    source:
      registry_url: https://components.espressif.com/
      type: service
    version: 2.7.0
  idf:
    source:
      type: idf
    version: 5.4.1
  lvgl/lvgl:
    component_hash: d7c1ac037ae6e85d94897f807d6e7ba0946a83e720074fc95a4f6241da9f9f53
    dependencies: []
    source:
      registry_url: https://components.espressif.com/
      type: service
    version: 8.4.0
direct_dependencies:
- esp_amoled_rm69a10
- esp_lcd_touch_gt9895
- espressif/cmake_utilities
- espressif/esp-ui
- espressif/esp_lcd_touch
- espressif/esp_lvgl_port
- idf
- lvgl/lvgl
manifest_hash: 42f85b830e808a179973907437648c15d2e587fe45723df97f31bdec0f2272ee
target: esp32p4
version: 2.0.0
